
Microsoft Visual Studio Solution File, Format Version 12.00
# Visual Studio Version 16
VisualStudioVersion = 16.0.30011.22
MinimumVisualStudioVersion = 10.0.40219.1
Project("{FAE04EC0-301F-11D3-BF4B-00C04F79EFBC}") = "INLANDMARINA.MARINA.Data", "INLANDMARINA.MARINA.Data\INLANDMARINA.MARINA.Data.csproj", "{A6FFA5C5-4592-4EDF-9FD0-11381E9D5522}"
EndProject
Project("{FAE04EC0-301F-11D3-BF4B-00C04F79EFBC}") = "INLANDMARINA.MARINA.App", "INLANDMARINA.MARINA.App\INLANDMARINA.MARINA.App.csproj", "{D5367903-6E92-44D9-8616-B713EF2CCEAD}"
EndProject
Global
	GlobalSection(SolutionConfigurationPlatforms) = preSolution
		Debug|Any CPU = Debug|Any CPU
		Release|Any CPU = Release|Any CPU
	EndGlobalSection
	GlobalSection(ProjectConfigurationPlatforms) = postSolution
		{A6FFA5C5-4592-4EDF-9FD0-11381E9D5522}.Debug|Any CPU.ActiveCfg = Debug|Any CPU
		{A6FFA5C5-4592-4EDF-9FD0-11381E9D5522}.Debug|Any CPU.Build.0 = Debug|Any CPU
		{A6FFA5C5-4592-4EDF-9FD0-11381E9D5522}.Release|Any CPU.ActiveCfg = Release|Any CPU
		{A6FFA5C5-4592-4EDF-9FD0-11381E9D5522}.Release|Any CPU.Build.0 = Release|Any CPU
		{D5367903-6E92-44D9-8616-B713EF2CCEAD}.Debug|Any CPU.ActiveCfg = Debug|Any CPU
		{D5367903-6E92-44D9-8616-B713EF2CCEAD}.Debug|Any CPU.Build.0 = Debug|Any CPU
		{D5367903-6E92-44D9-8616-B713EF2CCEAD}.Release|Any CPU.ActiveCfg = Release|Any CPU
		{D5367903-6E92-44D9-8616-B713EF2CCEAD}.Release|Any CPU.Build.0 = Release|Any CPU
	EndGlobalSection
	GlobalSection(SolutionProperties) = preSolution
		HideSolutionNode = FALSE
	EndGlobalSection
	GlobalSection(ExtensibilityGlobals) = postSolution
		SolutionGuid = {5E81E05B-FFA0-4E84-84BA-CBB9A0614A05}
	EndGlobalSection
EndGlobal
